
Microsoft Visual Studio Solution File, Format Version 12.00
# Visual Studio Version 16
VisualStudioVersion = 16.0.28803.202
MinimumVisualStudioVersion = 10.0.40219.1
Project("{FAE04EC0-301F-11D3-BF4B-00C04F79EFBC}") = "martin_text_editor_2", "martin_text_editor_2.csproj", "{809495BF-6375-411E-A2A2-C8ECEB725008}"
EndProject
Global
	GlobalSection(SolutionConfigurationPlatforms) = preSolution
		Debug|Any CPU = Debug|Any CPU
		Release|Any CPU = Release|Any CPU
	EndGlobalSection
	GlobalSection(ProjectConfigurationPlatforms) = postSolution
		{809495BF-6375-411E-A2A2-C8ECEB725008}.Debug|Any CPU.ActiveCfg = Debug|Any CPU
		{809495BF-6375-411E-A2A2-C8ECEB725008}.Debug|Any CPU.Build.0 = Debug|Any CPU
		{809495BF-6375-411E-A2A2-C8ECEB725008}.Release|Any CPU.ActiveCfg = Release|Any CPU
		{809495BF-6375-411E-A2A2-C8ECEB725008}.Release|Any CPU.Build.0 = Release|Any CPU
	EndGlobalSection
	GlobalSection(SolutionProperties) = preSolution
		HideSolutionNode = FALSE
	EndGlobalSection
	GlobalSection(ExtensibilityGlobals) = postSolution
		SolutionGuid = {B22BDB68-21DC-4FDA-ABE5-7DC8F0FA702E}
	EndGlobalSection
EndGlobal
